
Microsoft Visual Studio Solution File, Format Version 12.00
# Visual Studio 15
VisualStudioVersion = 15.0.26124.0
MinimumVisualStudioVersion = 15.0.26124.0
Project("{FAE04EC0-301F-11D3-BF4B-00C04F79EFBC}") = "BlazorWithIdentity.Server", "BlazorWithIdentity.Server\BlazorWithIdentity.Server.csproj", "{A707002F-F9D5-4133-9AC7-483418D94C7E}"
EndProject
Project("{FAE04EC0-301F-11D3-BF4B-00C04F79EFBC}") = "BlazorWithIdentity.Client", "BlazorWithIdentity.Client\BlazorWithIdentity.Client.csproj", "{8BAEDA0D-7C16-40C7-BEF2-B77FA7F2AB0D}"
EndProject
Project("{FAE04EC0-301F-11D3-BF4B-00C04F79EFBC}") = "BlazorWithIdentity.Shared", "BlazorWithIdentity.Shared\BlazorWithIdentity.Shared.csproj", "{4506B124-94D1-4DA4-A81B-842A2F6B95E6}"
EndProject
Global
	GlobalSection(SolutionConfigurationPlatforms) = preSolution
		Debug|Any CPU = Debug|Any CPU
		Debug|x64 = Debug|x64
		Debug|x86 = Debug|x86
		Release|Any CPU = Release|Any CPU
		Release|x64 = Release|x64
		Release|x86 = Release|x86
	EndGlobalSection
	GlobalSection(SolutionProperties) = preSolution
		HideSolutionNode = FALSE
	EndGlobalSection
	GlobalSection(ProjectConfigurationPlatforms) = postSolution
		{8BAEDA0D-7C16-40C7-BEF2-B77FA7F2AB0D}.Debug|Any CPU.ActiveCfg = Debug|Any CPU
		{8BAEDA0D-7C16-40C7-BEF2-B77FA7F2AB0D}.Debug|Any CPU.Build.0 = Debug|Any CPU
		{8BAEDA0D-7C16-40C7-BEF2-B77FA7F2AB0D}.Debug|x64.ActiveCfg = Debug|Any CPU
		{8BAEDA0D-7C16-40C7-BEF2-B77FA7F2AB0D}.Debug|x64.Build.0 = Debug|Any CPU
		{8BAEDA0D-7C16-40C7-BEF2-B77FA7F2AB0D}.Debug|x86.ActiveCfg = Debug|Any CPU
		{8BAEDA0D-7C16-40C7-BEF2-B77FA7F2AB0D}.Debug|x86.Build.0 = Debug|Any CPU
		{8BAEDA0D-7C16-40C7-BEF2-B77FA7F2AB0D}.Release|Any CPU.ActiveCfg = Release|Any CPU
		{8BAEDA0D-7C16-40C7-BEF2-B77FA7F2AB0D}.Release|Any CPU.Build.0 = Release|Any CPU
		{8BAEDA0D-7C16-40C7-BEF2-B77FA7F2AB0D}.Release|x64.ActiveCfg = Release|Any CPU
		{8BAEDA0D-7C16-40C7-BEF2-B77FA7F2AB0D}.Release|x64.Build.0 = Release|Any CPU
		{8BAEDA0D-7C16-40C7-BEF2-B77FA7F2AB0D}.Release|x86.ActiveCfg = Release|Any CPU
		{8BAEDA0D-7C16-40C7-BEF2-B77FA7F2AB0D}.Release|x86.Build.0 = Release|Any CPU
		{A707002F-F9D5-4133-9AC7-483418D94C7E}.Debug|Any CPU.ActiveCfg = Debug|Any CPU
		{A707002F-F9D5-4133-9AC7-483418D94C7E}.Debug|Any CPU.Build.0 = Debug|Any CPU
		{A707002F-F9D5-4133-9AC7-483418D94C7E}.Debug|x64.ActiveCfg = Debug|Any CPU
		{A707002F-F9D5-4133-9AC7-483418D94C7E}.Debug|x64.Build.0 = Debug|Any CPU
		{A707002F-F9D5-4133-9AC7-483418D94C7E}.Debug|x86.ActiveCfg = Debug|Any CPU
		{A707002F-F9D5-4133-9AC7-483418D94C7E}.Debug|x86.Build.0 = Debug|Any CPU
		{A707002F-F9D5-4133-9AC7-483418D94C7E}.Release|Any CPU.ActiveCfg = Release|Any CPU
		{A707002F-F9D5-4133-9AC7-483418D94C7E}.Release|Any CPU.Build.0 = Release|Any CPU
		{A707002F-F9D5-4133-9AC7-483418D94C7E}.Release|x64.ActiveCfg = Release|Any CPU
		{A707002F-F9D5-4133-9AC7-483418D94C7E}.Release|x64.Build.0 = Release|Any CPU
		{A707002F-F9D5-4133-9AC7-483418D94C7E}.Release|x86.ActiveCfg = Release|Any CPU
		{A707002F-F9D5-4133-9AC7-483418D94C7E}.Release|x86.Build.0 = Release|Any CPU
		{4506B124-94D1-4DA4-A81B-842A2F6B95E6}.Debug|Any CPU.ActiveCfg = Debug|Any CPU
		{4506B124-94D1-4DA4-A81B-842A2F6B95E6}.Debug|Any CPU.Build.0 = Debug|Any CPU
		{4506B124-94D1-4DA4-A81B-842A2F6B95E6}.Debug|x64.ActiveCfg = Debug|Any CPU
		{4506B124-94D1-4DA4-A81B-842A2F6B95E6}.Debug|x64.Build.0 = Debug|Any CPU
		{4506B124-94D1-4DA4-A81B-842A2F6B95E6}.Debug|x86.ActiveCfg = Debug|Any CPU
		{4506B124-94D1-4DA4-A81B-842A2F6B95E6}.Debug|x86.Build.0 = Debug|Any CPU
		{4506B124-94D1-4DA4-A81B-842A2F6B95E6}.Release|Any CPU.ActiveCfg = Release|Any CPU
		{4506B124-94D1-4DA4-A81B-842A2F6B95E6}.Release|Any CPU.Build.0 = Release|Any CPU
		{4506B124-94D1-4DA4-A81B-842A2F6B95E6}.Release|x64.ActiveCfg = Release|Any CPU
		{4506B124-94D1-4DA4-A81B-842A2F6B95E6}.Release|x64.Build.0 = Release|Any CPU
		{4506B124-94D1-4DA4-A81B-842A2F6B95E6}.Release|x86.ActiveCfg = Release|Any CPU
		{4506B124-94D1-4DA4-A81B-842A2F6B95E6}.Release|x86.Build.0 = Release|Any CPU
	EndGlobalSection
EndGlobal
